
Microsoft Visual Studio Solution File, Format Version 12.00
# Visual Studio 14
VisualStudioVersion = 14.0.23107.0
MinimumVisualStudioVersion = 10.0.40219.1
Project("{FAE04EC0-301F-11D3-BF4B-00C04F79EFBC}") = "WordFilterService", "WordFilterService.csproj", "{5538E308-BE65-47D8-8F21-0DBE6AE77C27}"
EndProject
Project("{E24C65DC-7377-472B-9ABA-BC803B73C61A}") = "WebSite7", "..\..\..\..\..\Documents\Visual Studio 2015\WebSites\WebSite7\", "{12FD3671-AA73-4DF9-9FAC-A15BF1504D9A}"
	ProjectSection(WebsiteProperties) = preProject
		TargetFrameworkMoniker = ".NETFramework,Version%3Dv4.5.2"
		Debug.AspNetCompiler.VirtualPath = "/localhost_1863"
		Debug.AspNetCompiler.PhysicalPath = "..\..\..\..\..\Documents\Visual Studio 2015\WebSites\WebSite7\"
		Debug.AspNetCompiler.TargetPath = "PrecompiledWeb\localhost_1863\"
		Debug.AspNetCompiler.Updateable = "true"
		Debug.AspNetCompiler.ForceOverwrite = "true"
		Debug.AspNetCompiler.FixedNames = "false"
		Debug.AspNetCompiler.Debug = "True"
		Release.AspNetCompiler.VirtualPath = "/localhost_1863"
		Release.AspNetCompiler.PhysicalPath = "..\..\..\..\..\Documents\Visual Studio 2015\WebSites\WebSite7\"
		Release.AspNetCompiler.TargetPath = "PrecompiledWeb\localhost_1863\"
		Release.AspNetCompiler.Updateable = "true"
		Release.AspNetCompiler.ForceOverwrite = "true"
		Release.AspNetCompiler.FixedNames = "false"
		Release.AspNetCompiler.Debug = "False"
		VWDPort = "1863"
		SlnRelativePath = "..\..\..\..\..\Documents\Visual Studio 2015\WebSites\WebSite7\"
		DefaultWebSiteLanguage = "Visual C#"
	EndProjectSection
	ProjectSection(ProjectDependencies) = postProject
		{5538E308-BE65-47D8-8F21-0DBE6AE77C27} = {5538E308-BE65-47D8-8F21-0DBE6AE77C27}
		{66FE5125-BEBE-4BB0-89D4-361B7CDE13F3} = {66FE5125-BEBE-4BB0-89D4-361B7CDE13F3}
	EndProjectSection
EndProject
Project("{FAE04EC0-301F-11D3-BF4B-00C04F79EFBC}") = "NewsService", "..\weatherServ\NewsService.csproj", "{66FE5125-BEBE-4BB0-89D4-361B7CDE13F3}"
EndProject
Global
	GlobalSection(SolutionConfigurationPlatforms) = preSolution
		Debug|Any CPU = Debug|Any CPU
		Release|Any CPU = Release|Any CPU
	EndGlobalSection
	GlobalSection(ProjectConfigurationPlatforms) = postSolution
		{5538E308-BE65-47D8-8F21-0DBE6AE77C27}.Debug|Any CPU.ActiveCfg = Debug|Any CPU
		{5538E308-BE65-47D8-8F21-0DBE6AE77C27}.Debug|Any CPU.Build.0 = Debug|Any CPU
		{5538E308-BE65-47D8-8F21-0DBE6AE77C27}.Release|Any CPU.ActiveCfg = Release|Any CPU
		{5538E308-BE65-47D8-8F21-0DBE6AE77C27}.Release|Any CPU.Build.0 = Release|Any CPU
		{12FD3671-AA73-4DF9-9FAC-A15BF1504D9A}.Debug|Any CPU.ActiveCfg = Debug|Any CPU
		{12FD3671-AA73-4DF9-9FAC-A15BF1504D9A}.Debug|Any CPU.Build.0 = Debug|Any CPU
		{12FD3671-AA73-4DF9-9FAC-A15BF1504D9A}.Release|Any CPU.ActiveCfg = Debug|Any CPU
		{12FD3671-AA73-4DF9-9FAC-A15BF1504D9A}.Release|Any CPU.Build.0 = Debug|Any CPU
		{66FE5125-BEBE-4BB0-89D4-361B7CDE13F3}.Debug|Any CPU.ActiveCfg = Debug|Any CPU
		{66FE5125-BEBE-4BB0-89D4-361B7CDE13F3}.Debug|Any CPU.Build.0 = Debug|Any CPU
		{66FE5125-BEBE-4BB0-89D4-361B7CDE13F3}.Release|Any CPU.ActiveCfg = Release|Any CPU
		{66FE5125-BEBE-4BB0-89D4-361B7CDE13F3}.Release|Any CPU.Build.0 = Release|Any CPU
	EndGlobalSection
	GlobalSection(SolutionProperties) = preSolution
		HideSolutionNode = FALSE
	EndGlobalSection
EndGlobal
